// !$*UTF8*$!
{
	archiveVersion = 1;
	classes = {
	};
	objectVersion = 46;
	objects = {

/* Begin PBXBuildFile section */
		3B1428001BC1766C00DD1A07 /* AppDelegate.swift in Sources */ = {isa = PBXBuildFile; fileRef = 3B1427FF1BC1766C00DD1A07 /* AppDelegate.swift */; };
		3B1428021BC1766C00DD1A07 /* ViewController.swift in Sources */ = {isa = PBXBuildFile; fileRef = 3B1428011BC1766C00DD1A07 /* ViewController.swift */; };
		3B1428051BC1766C00DD1A07 /* Main.storyboard in Resources */ = {isa = PBXBuildFile; fileRef = 3B1428031BC1766C00DD1A07 /* Main.storyboard */; };
		3B1428071BC1766C00DD1A07 /* Assets.xcassets in Resources */ = {isa = PBXBuildFile; fileRef = 3B1428061BC1766C00DD1A07 /* Assets.xcassets */; };
		3B14280A1BC1766C00DD1A07 /* LaunchScreen.storyboard in Resources */ = {isa = PBXBuildFile; fileRef = 3B1428081BC1766C00DD1A07 /* LaunchScreen.storyboard */; };
/* End PBXBuildFile section */

/* Begin PBXFileReference section */
		3B1427FC1BC1766C00DD1A07 /* DORtimeiOS.app */ = {isa = PBXFileReference; explicitFileType = wrapper.application; includeInIndex = 0; path = DORtimeiOS.app; sourceTree = BUILT_PRODUCTS_DIR; };
		3B1427FF1BC1766C00DD1A07 /* AppDelegate.swift */ = {isa = PBXFileReference; lastKnownFileType = sourcecode.swift; path = AppDelegate.swift; sourceTree = "<group>"; };
		3B1428011BC1766C00DD1A07 /* ViewController.swift */ = {isa = PBXFileReference; lastKnownFileType = sourcecode.swift; path = ViewController.swift; sourceTree = "<group>"; };
		3B1428041BC1766C00DD1A07 /* Base */ = {isa = PBXFileReference; lastKnownFileType = file.storyboard; name = Base; path = Base.lproj/Main.storyboard; sourceTree = "<group>"; };
		3B1428061BC1766C00DD1A07 /* Assets.xcassets */ = {isa = PBXFileReference; lastKnownFileType = folder.assetcatalog; path = Assets.xcassets; sourceTree = "<group>"; };
		3B1428091BC1766C00DD1A07 /* Base */ = {isa = PBXFileReference; lastKnownFileType = file.storyboard; name = Base; path = Base.lproj/LaunchScreen.storyboard; sourceTree = "<group>"; };
		3B14280B1BC1766C00DD1A07 /* Info.plist */ = {isa = PBXFileReference; lastKnownFileType = text.plist.xml; path = Info.plist; sourceTree = "<group>"; };
/* End PBXFileReference section */

/* Begin PBXFrameworksBuildPhase section */
		3B1427F91BC1766C00DD1A07 /* Frameworks */ = {
			isa = PBXFrameworksBuildPhase;
			buildActionMask = 2147483647;
			files = (
			);
			runOnlyForDeploymentPostprocessing = 0;
		};
/* End PBXFrameworksBuildPhase section */

/* Begin PBXGroup section */
		3B1427F31BC1766C00DD1A07 = {
			isa = PBXGroup;
			children = (
				3B1427FE1BC1766C00DD1A07 /* DORtimeiOS */,
				3B1427FD1BC1766C00DD1A07 /* Products */,
			);
			sourceTree = "<group>";
		};
		3B1427FD1BC1766C00DD1A07 /* Products */ = {
			isa = PBXGroup;
			children = (
				3B1427FC1BC1766C00DD1A07 /* DORtimeiOS.app */,
			);
			name = Products;
			sourceTree = "<group>";
		};
		3B1427FE1BC1766C00DD1A07 /* DORtimeiOS */ = {
			isa = PBXGroup;
			children = (
				3B1427FF1BC1766C00DD1A07 /* AppDelegate.swift */,
				3B1428011BC1766C00DD1A07 /* ViewController.swift */,
				3B1428031BC1766C00DD1A07 /* Main.storyboard */,
				3B1428061BC1766C00DD1A07 /* Assets.xcassets */,
				3B1428081BC1766C00DD1A07 /* LaunchScreen.storyboard */,
				3B14280B1BC1766C00DD1A07 /* Info.plist */,
			);
			path = DORtimeiOS;
			sourceTree = "<group>";
		};
/* End PBXGroup section */

/* Begin PBXNativeTarget section */
		3B1427FB1BC1766C00DD1A07 /* DORtimeiOS */ = {
			isa = PBXNativeTarget;
			buildConfigurationList = 3B14280E1BC1766C00DD1A07 /* Build configuration list for PBXNativeTarget "DORtimeiOS" */;
			buildPhases = (
				3B1427F81BC1766C00DD1A07 /* Sources */,
				3B1427F91BC1766C00DD1A07 /* Frameworks */,
				3B1427FA1BC1766C00DD1A07 /* Resources */,
			);
			buildRules = (
			);
			dependencies = (
			);
			name = DORtimeiOS;
			productName = DORtimeiOS;
			productReference = 3B1427FC1BC1766C00DD1A07 /* DORtimeiOS.app */;
			productType = "com.apple.product-type.application";
		};
/* End PBXNativeTarget section */

/* Begin PBXProject section */
		3B1427F41BC1766C00DD1A07 /* Project object */ = {
			isa = PBXProject;
			attributes = {
				LastUpgradeCheck = 0700;
				ORGANIZATIONNAME = "Lukas Schramm";
				TargetAttributes = {
					3B1427FB1BC1766C00DD1A07 = {
						CreatedOnToolsVersion = 7.0.1;
						DevelopmentTeam = 87476L62QY;
					};
				};
			};
			buildConfigurationList = 3B1427F71BC1766C00DD1A07 /* Build configuration list for PBXProject "DORtimeiOS" */;
			compatibilityVersion = "Xcode 3.2";
			developmentRegion = English;
			hasScannedForEncodings = 0;
			knownRegions = (
				en,
				Base,
			);
			mainGroup = 3B1427F31BC1766C00DD1A07;
			productRefGroup = 3B1427FD1BC1766C00DD1A07 /* Products */;
			projectDirPath = "";
			projectRoot = "";
			targets = (
				3B1427FB1BC1766C00DD1A07 /* DORtimeiOS */,
			);
		};
/* End PBXProject section */

/* Begin PBXResourcesBuildPhase section */
		3B1427FA1BC1766C00DD1A07 /* Resources */ = {
			isa = PBXResourcesBuildPhase;
			buildActionMask = 2147483647;
			files = (
				3B14280A1BC1766C00DD1A07 /* LaunchScreen.storyboard in Resources */,
				3B1428071BC1766C00DD1A07 /* Assets.xcassets in Resources */,
				3B1428051BC1766C00DD1A07 /* Main.storyboard in Resources */,
			);
			runOnlyForDeploymentPostprocessing = 0;
		};
/* End PBXResourcesBuildPhase section */

/* Begin PBXSourcesBuildPhase section */
		3B1427F81BC1766C00DD1A07 /* Sources */ = {
			isa = PBXSourcesBuildPhase;
			buildActionMask = 2147483647;
			files = (
				3B1428021BC1766C00DD1A07 /* ViewController.swift in Sources */,
				3B1428001BC1766C00DD1A07 /* AppDelegate.swift in Sources */,
			);
			runOnlyForDeploymentPostprocessing = 0;
		};
/* End PBXSourcesBuildPhase section */

/* Begin PBXVariantGroup section */
		3B1428031BC1766C00DD1A07 /* Main.storyboard */ = {
			isa = PBXVariantGroup;
			children = (
				3B1428041BC1766C00DD1A07 /* Base */,
			);
			name = Main.storyboard;
			sourceTree = "<group>";
		};
		3B1428081BC1766C00DD1A07 /* LaunchScreen.storyboard */ = {
			isa = PBXVariantGroup;
			children = (
				3B1428091BC1766C00DD1A07 /* Base */,
			);
			name = LaunchScreen.storyboard;
			sourceTree = "<group>";
		};
/* End PBXVariantGroup section */

/* Begin XCBuildConfiguration section */
		3B14280C1BC1766C00DD1A07 /* Debug */ = {
			isa = XCBuildConfiguration;
			buildSettings = {
				ALWAYS_SEARCH_USER_PATHS = NO;
				CLANG_CXX_LANGUAGE_STANDARD = "gnu++0x";
				CLANG_CXX_LIBRARY = "libc++";
				CLANG_ENABLE_MODULES = YES;
				CLANG_ENABLE_OBJC_ARC = YES;
				CLANG_WARN_BOOL_CONVERSION = YES;
				CLANG_WARN_CONSTANT_CONVERSION = YES;
				CLANG_WARN_DIRECT_OBJC_ISA_USAGE = YES_ERROR;
				CLANG_WARN_EMPTY_BODY = YES;
				CLANG_WARN_ENUM_CONVERSION = YES;
				CLANG_WARN_INT_CONVERSION = YES;
				CLANG_WARN_OBJC_ROOT_CLASS = YES_ERROR;
				CLANG_WARN_UNREACHABLE_CODE = YES;
				CLANG_WARN__DUPLICATE_METHOD_MATCH = YES;
				"CODE_SIGN_IDENTITY[sdk=iphoneos*]" = "iPhone Developer";
				COPY_PHASE_STRIP = NO;
				DEBUG_INFORMATION_FORMAT = dwarf;
				ENABLE_STRICT_OBJC_MSGSEND = YES;
				ENABLE_TESTABILITY = YES;
				GCC_C_LANGUAGE_STANDARD = gnu99;
				GCC_DYNAMIC_NO_PIC = NO;
				GCC_NO_COMMON_BLOCKS = YES;
				GCC_OPTIMIZATION_LEVEL = 0;
				GCC_PREPROCESSOR_DEFINITIONS = (
					"DEBUG=1",
					"$(inherited)",
				);
				GCC_WARN_64_TO_32_BIT_CONVERSION = YES;
				GCC_WARN_ABOUT_RETURN_TYPE = YES_ERROR;
				GCC_WARN_UNDECLARED_SELECTOR = YES;
				GCC_WARN_UNINITIALIZED_AUTOS = YES_AGGRESSIVE;
				GCC_WARN_UNUSED_FUNCTION = YES;
				GCC_WARN_UNUSED_VARIABLE = YES;
				IPHONEOS_DEPLOYMENT_TARGET = 9.0;
				MTL_ENABLE_DEBUG_INFO = YES;
				ONLY_ACTIVE_ARCH = YES;
				SDKROOT = iphoneos;
				SWIFT_OPTIMIZATION_LEVEL = "-Onone";
				TARGETED_DEVICE_FAMILY = "1,2";
			};
			name = Debug;
		};
		3B14280D1BC1766C00DD1A07 /* Release */ = {
			isa = XCBuildConfiguration;
			buildSettings = {
				ALWAYS_SEARCH_USER_PATHS = NO;
				CLANG_CXX_LANGUAGE_STANDARD = "gnu++0x";
				CLANG_CXX_LIBRARY = "libc++";
				CLANG_ENABLE_MODULES = YES;
				CLANG_ENABLE_OBJC_ARC = YES;
				CLANG_WARN_BOOL_CONVERSION = YES;
				CLANG_WARN_CONSTANT_CONVERSION = YES;
				CLANG_WARN_DIRECT_OBJC_ISA_USAGE = YES_ERROR;
				CLANG_WARN_EMPTY_BODY = YES;
				CLANG_WARN_ENUM_CONVERSION = YES;
				CLANG_WARN_INT_CONVERSION = YES;
				CLANG_WARN_OBJC_ROOT_CLASS = YES_ERROR;
				CLANG_WARN_UNREACHABLE_CODE = YES;
				CLANG_WARN__DUPLICATE_METHOD_MATCH = YES;
				"CODE_SIGN_IDENTITY[sdk=iphoneos*]" = "iPhone Developer";
				COPY_PHASE_STRIP = NO;
				DEBUG_INFORMATION_FORMAT = "dwarf-with-dsym";
				ENABLE_NS_ASSERTIONS = NO;
				ENABLE_STRICT_OBJC_MSGSEND = YES;
				GCC_C_LANGUAGE_STANDARD = gnu99;
				GCC_NO_COMMON_BLOCKS = YES;
				GCC_WARN_64_TO_32_BIT_CONVERSION = YES;
				GCC_WARN_ABOUT_RETURN_TYPE = YES_ERROR;
				GCC_WARN_UNDECLARED_SELECTOR = YES;
				GCC_WARN_UNINITIALIZED_AUTOS = YES_AGGRESSIVE;
				GCC_WARN_UNUSED_FUNCTION = YES;
				GCC_WARN_UNUSED_VARIABLE = YES;
				IPHONEOS_DEPLOYMENT_TARGET = 9.0;
				MTL_ENABLE_DEBUG_INFO = NO;
				SDKROOT = iphoneos;
				TARGETED_DEVICE_FAMILY = "1,2";
				VALIDATE_PRODUCT = YES;
			};
			name = Release;
		};
		3B14280F1BC1766C00DD1A07 /* Debug */ = {
			isa = XCBuildConfiguration;
			buildSettings = {
				ASSETCATALOG_COMPILER_APPICON_NAME = AppIcon;
				INFOPLIST_FILE = DORtimeiOS/Info.plist;
				LD_RUNPATH_SEARCH_PATHS = "$(inherited) @executable_path/Frameworks";
				PRODUCT_BUNDLE_IDENTIFIER = DOR.DORtimeiOS;
				PRODUCT_NAME = "$(TARGET_NAME)";
			};
			name = Debug;
		};
		3B1428101BC1766C00DD1A07 /* Release */ = {
			isa = XCBuildConfiguration;
			buildSettings = {
				ASSETCATALOG_COMPILER_APPICON_NAME = AppIcon;
				INFOPLIST_FILE = DORtimeiOS/Info.plist;
				LD_RUNPATH_SEARCH_PATHS = "$(inherited) @executable_path/Frameworks";
				PRODUCT_BUNDLE_IDENTIFIER = DOR.DORtimeiOS;
				PRODUCT_NAME = "$(TARGET_NAME)";
			};
			name = Release;
		};
/* End XCBuildConfiguration section */

/* Begin XCConfigurationList section */
		3B1427F71BC1766C00DD1A07 /* Build configuration list for PBXProject "DORtimeiOS" */ = {
			isa = XCConfigurationList;
			buildConfigurations = (
				3B14280C1BC1766C00DD1A07 /* Debug */,
				3B14280D1BC1766C00DD1A07 /* Release */,
			);
			defaultConfigurationIsVisible = 0;
			defaultConfigurationName = Release;
		};
		3B14280E1BC1766C00DD1A07 /* Build configuration list for PBXNativeTarget "DORtimeiOS" */ = {
			isa = XCConfigurationList;
			buildConfigurations = (
				3B14280F1BC1766C00DD1A07 /* Debug */,
				3B1428101BC1766C00DD1A07 /* Release */,
			);
			defaultConfigurationIsVisible = 0;
		};
/* End XCConfigurationList section */
	};
	rootObject = 3B1427F41BC1766C00DD1A07 /* Project object */;
}
